version: 5
environments:
  default:
    channels:
    - url: https://conda.anaconda.org/conda-forge/
    packages:
      linux-64:
      - conda: https://conda.anaconda.org/conda-forge/linux-64/_libgcc_mutex-0.1-conda_forge.tar.bz2
      - conda: https://conda.anaconda.org/conda-forge/linux-64/_openmp_mutex-4.5-2_kmp_llvm.tar.bz2
      - conda: https://conda.anaconda.org/conda-forge/linux-64/bzip2-1.0.8-h4bc722e_7.conda
      - conda: https://conda.anaconda.org/conda-forge/linux-64/ca-certificates-2024.8.30-hbcca054_0.conda
      - conda: https://conda.anaconda.org/conda-forge/noarch/filelock-3.16.1-pyhd8ed1ab_0.conda
      - conda: https://conda.anaconda.org/conda-forge/noarch/fsspec-2024.9.0-pyhff2d567_0.conda
      - conda: https://conda.anaconda.org/conda-forge/linux-64/gmp-6.3.0-hac33072_2.conda
      - conda: https://conda.anaconda.org/conda-forge/linux-64/gmpy2-2.1.5-py312h7201bc8_2.conda
      - conda: https://conda.anaconda.org/conda-forge/linux-64/icu-75.1-he02047a_0.conda
      - conda: https://conda.anaconda.org/conda-forge/noarch/jinja2-3.1.4-pyhd8ed1ab_0.conda
      - conda: https://conda.anaconda.org/conda-forge/linux-64/ld_impl_linux-64-2.43-h712a8e2_1.conda
      - conda: https://conda.anaconda.org/conda-forge/linux-64/libabseil-20240116.2-cxx17_he02047a_1.conda
      - conda: https://conda.anaconda.org/conda-forge/linux-64/libblas-3.9.0-24_linux64_openblas.conda
      - conda: https://conda.anaconda.org/conda-forge/linux-64/libcblas-3.9.0-24_linux64_openblas.conda
      - conda: https://conda.anaconda.org/conda-forge/linux-64/libexpat-2.6.3-h5888daf_0.conda
      - conda: https://conda.anaconda.org/conda-forge/linux-64/libffi-3.4.2-h7f98852_5.tar.bz2
      - conda: https://conda.anaconda.org/conda-forge/linux-64/libgcc-14.1.0-h77fa898_1.conda
      - conda: https://conda.anaconda.org/conda-forge/linux-64/libgcc-ng-14.1.0-h69a702a_1.conda
      - conda: https://conda.anaconda.org/conda-forge/linux-64/libgfortran-14.1.0-h69a702a_1.conda
      - conda: https://conda.anaconda.org/conda-forge/linux-64/libgfortran-ng-14.1.0-h69a702a_1.conda
      - conda: https://conda.anaconda.org/conda-forge/linux-64/libgfortran5-14.1.0-hc5f4f2c_1.conda
      - conda: https://conda.anaconda.org/conda-forge/linux-64/libhwloc-2.11.1-default_hecaa2ac_1000.conda
      - conda: https://conda.anaconda.org/conda-forge/linux-64/libiconv-1.17-hd590300_2.conda
      - conda: https://conda.anaconda.org/conda-forge/linux-64/liblapack-3.9.0-24_linux64_openblas.conda
      - conda: https://conda.anaconda.org/conda-forge/linux-64/libnsl-2.0.1-hd590300_0.conda
      - conda: https://conda.anaconda.org/conda-forge/linux-64/libopenblas-0.3.27-pthreads_hac2b453_1.conda
      - conda: https://conda.anaconda.org/conda-forge/linux-64/libprotobuf-4.25.3-hd5b35b9_1.conda
      - conda: https://conda.anaconda.org/conda-forge/linux-64/libsqlite-3.46.1-hadc24fc_0.conda
      - conda: https://conda.anaconda.org/conda-forge/linux-64/libstdcxx-14.1.0-hc0a3c3a_1.conda
      - conda: https://conda.anaconda.org/conda-forge/linux-64/libstdcxx-ng-14.1.0-h4852527_1.conda
      - conda: https://conda.anaconda.org/conda-forge/linux-64/libtorch-2.4.0-cpu_mkl_h85b1651_101.conda
      - conda: https://conda.anaconda.org/conda-forge/linux-64/libuuid-2.38.1-h0b41bf4_0.conda
      - conda: https://conda.anaconda.org/conda-forge/linux-64/libuv-1.49.0-hb9d3cd8_0.conda
      - conda: https://conda.anaconda.org/conda-forge/linux-64/libxml2-2.12.7-he7c6b58_4.conda
      - conda: https://conda.anaconda.org/conda-forge/linux-64/libzlib-1.3.1-h4ab18f5_1.conda
      - conda: https://conda.anaconda.org/conda-forge/linux-64/llvm-openmp-18.1.8-hf5423f3_1.conda
      - conda: https://conda.anaconda.org/conda-forge/linux-64/markupsafe-2.1.5-py312h66e93f0_1.conda
      - conda: https://conda.anaconda.org/conda-forge/linux-64/mkl-2023.2.0-h84fe81f_50496.conda
      - conda: https://conda.anaconda.org/conda-forge/linux-64/mpc-1.3.1-h24ddda3_1.conda
      - conda: https://conda.anaconda.org/conda-forge/linux-64/mpfr-4.2.1-h90cbb55_3.conda
      - conda: https://conda.anaconda.org/conda-forge/noarch/mpmath-1.3.0-pyhd8ed1ab_0.conda
      - conda: https://conda.anaconda.org/conda-forge/linux-64/ncurses-6.5-he02047a_1.conda
      - conda: https://conda.anaconda.org/conda-forge/noarch/networkx-3.3-pyhd8ed1ab_1.conda
      - conda: https://conda.anaconda.org/conda-forge/linux-64/numpy-2.1.1-py312h58c1407_0.conda
      - conda: https://conda.anaconda.org/conda-forge/linux-64/openssl-3.3.2-hb9d3cd8_0.conda
      - conda: https://conda.anaconda.org/conda-forge/linux-64/python-3.12.0-hab00c5b_0_cpython.conda
      - conda: https://conda.anaconda.org/conda-forge/linux-64/python_abi-3.12-5_cp312.conda
      - conda: https://conda.anaconda.org/conda-forge/linux-64/pytorch-2.4.0-cpu_mkl_py312h31352b0_101.conda
      - conda: https://conda.anaconda.org/conda-forge/linux-64/readline-8.2-h8228510_1.conda
      - conda: https://conda.anaconda.org/conda-forge/linux-64/sleef-3.7-h1b44611_0.conda
      - conda: https://conda.anaconda.org/conda-forge/noarch/sympy-1.13.3-pypyh2585a3b_103.conda
      - conda: https://conda.anaconda.org/conda-forge/linux-64/tbb-2021.13.0-h84d6215_0.conda
      - conda: https://conda.anaconda.org/conda-forge/linux-64/tk-8.6.13-noxft_h4845f30_101.conda
      - conda: https://conda.anaconda.org/conda-forge/noarch/typing_extensions-4.12.2-pyha770c72_0.conda
      - conda: https://conda.anaconda.org/conda-forge/noarch/tzdata-2024a-h8827d51_1.conda
      - conda: https://conda.anaconda.org/conda-forge/linux-64/xz-5.2.6-h166bdaf_0.tar.bz2
      - conda: https://conda.anaconda.org/conda-forge/linux-64/zstd-1.5.6-ha6fb4c9_0.conda
packages:
- kind: conda
  name: _libgcc_mutex
  version: '0.1'
  build: conda_forge
  subdir: linux-64
  url: https://conda.anaconda.org/conda-forge/linux-64/_libgcc_mutex-0.1-conda_forge.tar.bz2
  sha256: fe51de6107f9edc7aa4f786a70f4a883943bc9d39b3bb7307c04c41410990726
  md5: d7c89558ba9fa0495403155b64376d81
  license: None
  size: 2562
  timestamp: 1578324546067
- kind: conda
  name: _openmp_mutex
  version: '4.5'
  build: 2_kmp_llvm
  build_number: 2
  subdir: linux-64
  url: https://conda.anaconda.org/conda-forge/linux-64/_openmp_mutex-4.5-2_kmp_llvm.tar.bz2
  sha256: 84a66275da3a66e3f3e70e9d8f10496d807d01a9e4ec16cd2274cc5e28c478fc
  md5: 562b26ba2e19059551a811e72ab7f793
  depends:
  - _libgcc_mutex 0.1 conda_forge
  - llvm-openmp >=9.0.1
  license: BSD-3-Clause
  license_family: BSD
  size: 5744
  timestamp: 1650742457817
- kind: conda
  name: bzip2
  version: 1.0.8
  build: h4bc722e_7
  build_number: 7
  subdir: linux-64
  url: https://conda.anaconda.org/conda-forge/linux-64/bzip2-1.0.8-h4bc722e_7.conda
  sha256: 5ced96500d945fb286c9c838e54fa759aa04a7129c59800f0846b4335cee770d
  md5: 62ee74e96c5ebb0af99386de58cf9553
  depends:
  - __glibc >=2.17,<3.0.a0
  - libgcc-ng >=12
  license: bzip2-1.0.6
  license_family: BSD
  size: 252783
  timestamp: 1720974456583
- kind: conda
  name: ca-certificates
  version: 2024.8.30
  build: hbcca054_0
  subdir: linux-64
  url: https://conda.anaconda.org/conda-forge/linux-64/ca-certificates-2024.8.30-hbcca054_0.conda
  sha256: afee721baa6d988e27fef1832f68d6f32ac8cc99cdf6015732224c2841a09cea
  md5: c27d1c142233b5bc9ca570c6e2e0c244
  license: ISC
  size: 159003
  timestamp: 1725018903918
- kind: conda
  name: filelock
  version: 3.16.1
  build: pyhd8ed1ab_0
  subdir: noarch
  noarch: python
  url: https://conda.anaconda.org/conda-forge/noarch/filelock-3.16.1-pyhd8ed1ab_0.conda
  sha256: 1da766da9dba05091af87977922fe60dc7464091a9ccffb3765d403189d39be4
  md5: 916f8ec5dd4128cd5f207a3c4c07b2c6
  depends:
  - python >=3.7
  license: Unlicense
  size: 17357
  timestamp: 1726613593584
- kind: conda
  name: fsspec
  version: 2024.9.0
  build: pyhff2d567_0
  subdir: noarch
  noarch: python
  url: https://conda.anaconda.org/conda-forge/noarch/fsspec-2024.9.0-pyhff2d567_0.conda
  sha256: 8f4e9805b4ec223dea0d99f9e7e57c391d9026455eb9f0d6e0784c5d1a1200dc
  md5: ace4329fbff4c69ab0309db6da182987
  depends:
  - python >=3.8
  license: BSD-3-Clause
  license_family: BSD
  size: 134378
  timestamp: 1725543368393
- kind: conda
  name: gmp
  version: 6.3.0
  build: hac33072_2
  build_number: 2
  subdir: linux-64
  url: https://conda.anaconda.org/conda-forge/linux-64/gmp-6.3.0-hac33072_2.conda
  sha256: 309cf4f04fec0c31b6771a5809a1909b4b3154a2208f52351e1ada006f4c750c
  md5: c94a5994ef49749880a8139cf9afcbe1
  depends:
  - libgcc-ng >=12
  - libstdcxx-ng >=12
  license: GPL-2.0-or-later OR LGPL-3.0-or-later
  size: 460055
  timestamp: 1718980856608
- kind: conda
  name: gmpy2
  version: 2.1.5
  build: py312h7201bc8_2
  build_number: 2
  subdir: linux-64
  url: https://conda.anaconda.org/conda-forge/linux-64/gmpy2-2.1.5-py312h7201bc8_2.conda
  sha256: 66665fbf074e9cc8975ba1a0c7d4fd378cea6efc7ba34f0da5a355a16dfb323a
  md5: af9faf103fb57241246416dc70b466f7
  depends:
  - __glibc >=2.17,<3.0.a0
  - gmp >=6.3.0,<7.0a0
  - libgcc >=13
  - mpc >=1.3.1,<2.0a0
  - mpfr >=4.2.1,<5.0a0
  - python >=3.12,<3.13.0a0
  - python_abi 3.12.* *_cp312
  license: LGPL-3.0-or-later
  license_family: LGPL
  size: 211651
  timestamp: 1725379960923
- kind: conda
  name: icu
  version: '75.1'
  build: he02047a_0
  subdir: linux-64
  url: https://conda.anaconda.org/conda-forge/linux-64/icu-75.1-he02047a_0.conda
  sha256: 71e750d509f5fa3421087ba88ef9a7b9be11c53174af3aa4d06aff4c18b38e8e
  md5: 8b189310083baabfb622af68fd9d3ae3
  depends:
  - __glibc >=2.17,<3.0.a0
  - libgcc-ng >=12
  - libstdcxx-ng >=12
  license: MIT
  license_family: MIT
  size: 12129203
  timestamp: 1720853576813
- kind: conda
  name: jinja2
  version: 3.1.4
  build: pyhd8ed1ab_0
  subdir: noarch
  noarch: python
  url: https://conda.anaconda.org/conda-forge/noarch/jinja2-3.1.4-pyhd8ed1ab_0.conda
  sha256: 27380d870d42d00350d2d52598cddaf02f9505fb24be09488da0c9b8d1428f2d
  md5: 7b86ecb7d3557821c649b3c31e3eb9f2
  depends:
  - markupsafe >=2.0
  - python >=3.7
  license: BSD-3-Clause
  license_family: BSD
  size: 111565
  timestamp: 1715127275924
- kind: conda
  name: ld_impl_linux-64
  version: '2.43'
  build: h712a8e2_1
  build_number: 1
  subdir: linux-64
  url: https://conda.anaconda.org/conda-forge/linux-64/ld_impl_linux-64-2.43-h712a8e2_1.conda
  sha256: 0c21387f9a411e3d1f7f2969026bacfece133c8f1e72faea9cde29c0c19e1f3a
  md5: 83e1364586ceb8d0739fbc85b5c95837
  depends:
  - __glibc >=2.17,<3.0.a0
  constrains:
  - binutils_impl_linux-64 2.43
  license: GPL-3.0-only
  size: 669616
  timestamp: 1727304687962
- kind: conda
  name: libabseil
  version: '20240116.2'
  build: cxx17_he02047a_1
  build_number: 1
  subdir: linux-64
  url: https://conda.anaconda.org/conda-forge/linux-64/libabseil-20240116.2-cxx17_he02047a_1.conda
  sha256: 945396726cadae174a661ce006e3f74d71dbd719219faf7cc74696b267f7b0b5
  md5: c48fc56ec03229f294176923c3265c05
  depends:
  - __glibc >=2.17,<3.0.a0
  - libgcc-ng >=12
  - libstdcxx-ng >=12
  constrains:
  - abseil-cpp =20240116.2
  - libabseil-static =20240116.2=cxx17*
  license: Apache-2.0
  license_family: Apache
  size: 1264712
  timestamp: 1720857377573
- kind: conda
  name: libblas
  version: 3.9.0
  build: 24_linux64_openblas
  build_number: 24
  subdir: linux-64
  url: https://conda.anaconda.org/conda-forge/linux-64/libblas-3.9.0-24_linux64_openblas.conda
  sha256: 3097f7913bda527d4fe9f824182b314e130044e582455037fca6f4e97965d83c
  md5: 80aea6603a6813b16ec119d00382b772
  depends:
  - libopenblas >=0.3.27,<0.3.28.0a0
  - libopenblas >=0.3.27,<1.0a0
  constrains:
  - blas * openblas
  - liblapack 3.9.0 24_linux64_openblas
  - libcblas 3.9.0 24_linux64_openblas
  - liblapacke 3.9.0 24_linux64_openblas
  license: BSD-3-Clause
  license_family: BSD
  size: 14981
  timestamp: 1726668454790
- kind: conda
  name: libcblas
  version: 3.9.0
  build: 24_linux64_openblas
  build_number: 24
  subdir: linux-64
  url: https://conda.anaconda.org/conda-forge/linux-64/libcblas-3.9.0-24_linux64_openblas.conda
  sha256: 2a52bccc5b03cdf014d856d0b85dbd591faa335ab337d620cd6aded121d7153c
  md5: f5b8822297c9c790cec0795ca1fc9be6
  depends:
  - libblas 3.9.0 24_linux64_openblas
  constrains:
  - blas * openblas
  - liblapack 3.9.0 24_linux64_openblas
  - liblapacke 3.9.0 24_linux64_openblas
  license: BSD-3-Clause
  license_family: BSD
  size: 14910
  timestamp: 1726668461033
- kind: conda
  name: libexpat
  version: 2.6.3
  build: h5888daf_0
  subdir: linux-64
  url: https://conda.anaconda.org/conda-forge/linux-64/libexpat-2.6.3-h5888daf_0.conda
  sha256: 4bb47bb2cd09898737a5211e2992d63c555d63715a07ba56eae0aff31fb89c22
  md5: 59f4c43bb1b5ef1c71946ff2cbf59524
  depends:
  - __glibc >=2.17,<3.0.a0
  - libgcc >=13
  constrains:
  - expat 2.6.3.*
  license: MIT
  license_family: MIT
  size: 73616
  timestamp: 1725568742634
- kind: conda
  name: libffi
  version: 3.4.2
  build: h7f98852_5
  build_number: 5
  subdir: linux-64
  url: https://conda.anaconda.org/conda-forge/linux-64/libffi-3.4.2-h7f98852_5.tar.bz2
  sha256: ab6e9856c21709b7b517e940ae7028ae0737546122f83c2aa5d692860c3b149e
  md5: d645c6d2ac96843a2bfaccd2d62b3ac3
  depends:
  - libgcc-ng >=9.4.0
  license: MIT
  license_family: MIT
  size: 58292
  timestamp: 1636488182923
- kind: conda
  name: libgcc
  version: 14.1.0
  build: h77fa898_1
  build_number: 1
  subdir: linux-64
  url: https://conda.anaconda.org/conda-forge/linux-64/libgcc-14.1.0-h77fa898_1.conda
  sha256: 10fa74b69266a2be7b96db881e18fa62cfa03082b65231e8d652e897c4b335a3
  md5: 002ef4463dd1e2b44a94a4ace468f5d2
  depends:
  - _libgcc_mutex 0.1 conda_forge
  - _openmp_mutex >=4.5
  constrains:
  - libgomp 14.1.0 h77fa898_1
  - libgcc-ng ==14.1.0=*_1
  license: GPL-3.0-only WITH GCC-exception-3.1
  license_family: GPL
  size: 846380
  timestamp: 1724801836552
- kind: conda
  name: libgcc-ng
  version: 14.1.0
  build: h69a702a_1
  build_number: 1
  subdir: linux-64
  url: https://conda.anaconda.org/conda-forge/linux-64/libgcc-ng-14.1.0-h69a702a_1.conda
  sha256: b91f7021e14c3d5c840fbf0dc75370d6e1f7c7ff4482220940eaafb9c64613b7
  md5: 1efc0ad219877a73ef977af7dbb51f17
  depends:
  - libgcc 14.1.0 h77fa898_1
  license: GPL-3.0-only WITH GCC-exception-3.1
  license_family: GPL
  size: 52170
  timestamp: 1724801842101
- kind: conda
  name: libgfortran
  version: 14.1.0
  build: h69a702a_1
  build_number: 1
  subdir: linux-64
  url: https://conda.anaconda.org/conda-forge/linux-64/libgfortran-14.1.0-h69a702a_1.conda
  sha256: ed77f04f873e43a26e24d443dd090631eedc7d0ace3141baaefd96a123e47535
  md5: 591e631bc1ae62c64f2ab4f66178c097
  depends:
  - libgfortran5 14.1.0 hc5f4f2c_1
  constrains:
  - libgfortran-ng ==14.1.0=*_1
  license: GPL-3.0-only WITH GCC-exception-3.1
  license_family: GPL
  size: 52142
  timestamp: 1724801872472
- kind: conda
  name: libgfortran-ng
  version: 14.1.0
  build: h69a702a_1
  build_number: 1
  subdir: linux-64
  url: https://conda.anaconda.org/conda-forge/linux-64/libgfortran-ng-14.1.0-h69a702a_1.conda
  sha256: a2dc35cb7f87bb5beebf102d4085574c6a740e1df58e743185d4434cc5e4e0ae
  md5: 16cec94c5992d7f42ae3f9fa8b25df8d
  depends:
  - libgfortran 14.1.0 h69a702a_1
  license: GPL-3.0-only WITH GCC-exception-3.1
  license_family: GPL
  size: 52212
  timestamp: 1724802086021
- kind: conda
  name: libgfortran5
  version: 14.1.0
  build: hc5f4f2c_1
  build_number: 1
  subdir: linux-64
  url: https://conda.anaconda.org/conda-forge/linux-64/libgfortran5-14.1.0-hc5f4f2c_1.conda
  sha256: c40d7db760296bf9c776de12597d2f379f30e890b9ae70c1de962ff2aa1999f6
  md5: 10a0cef64b784d6ab6da50ebca4e984d
  depends:
  - libgcc >=14.1.0
  constrains:
  - libgfortran 14.1.0
  license: GPL-3.0-only WITH GCC-exception-3.1
  license_family: GPL
  size: 1459939
  timestamp: 1724801851300
- kind: conda
  name: libhwloc
  version: 2.11.1
  build: default_hecaa2ac_1000
  build_number: 1000
  subdir: linux-64
  url: https://conda.anaconda.org/conda-forge/linux-64/libhwloc-2.11.1-default_hecaa2ac_1000.conda
  sha256: 8473a300e10b79557ce0ac81602506b47146aff3df4cc3568147a7dd07f480a2
  md5: f54aeebefb5c5ff84eca4fb05ca8aa3a
  depends:
  - __glibc >=2.17,<3.0.a0
  - libgcc-ng >=12
  - libstdcxx-ng >=12
  - libxml2 >=2.12.7,<3.0a0
  license: BSD-3-Clause
  license_family: BSD
  size: 2417964
  timestamp: 1720460562447
- kind: conda
  name: libiconv
  version: '1.17'
  build: hd590300_2
  build_number: 2
  subdir: linux-64
  url: https://conda.anaconda.org/conda-forge/linux-64/libiconv-1.17-hd590300_2.conda
  sha256: 8ac2f6a9f186e76539439e50505d98581472fedb347a20e7d1f36429849f05c9
  md5: d66573916ffcf376178462f1b61c941e
  depends:
  - libgcc-ng >=12
  license: LGPL-2.1-only
  size: 705775
  timestamp: 1702682170569
- kind: conda
  name: liblapack
  version: 3.9.0
  build: 24_linux64_openblas
  build_number: 24
  subdir: linux-64
  url: https://conda.anaconda.org/conda-forge/linux-64/liblapack-3.9.0-24_linux64_openblas.conda
  sha256: a15da20c3c0fb5f356e5b4e2f1e87b0da11b9a46805a7f2609bf30f23453831a
  md5: fd540578678aefe025705f4b58b36b2e
  depends:
  - libblas 3.9.0 24_linux64_openblas
  constrains:
  - blas * openblas
  - libcblas 3.9.0 24_linux64_openblas
  - liblapacke 3.9.0 24_linux64_openblas
  license: BSD-3-Clause
  license_family: BSD
  size: 14911
  timestamp: 1726668467187
- kind: conda
  name: libnsl
  version: 2.0.1
  build: hd590300_0
  subdir: linux-64
  url: https://conda.anaconda.org/conda-forge/linux-64/libnsl-2.0.1-hd590300_0.conda
  sha256: 26d77a3bb4dceeedc2a41bd688564fe71bf2d149fdcf117049970bc02ff1add6
  md5: 30fd6e37fe21f86f4bd26d6ee73eeec7
  depends:
  - libgcc-ng >=12
  license: LGPL-2.1-only
  license_family: GPL
  size: 33408
  timestamp: 1697359010159
- kind: conda
  name: libopenblas
  version: 0.3.27
  build: pthreads_hac2b453_1
  build_number: 1
  subdir: linux-64
  url: https://conda.anaconda.org/conda-forge/linux-64/libopenblas-0.3.27-pthreads_hac2b453_1.conda
  sha256: 714cb82d7c4620ea2635a92d3df263ab841676c9b183d0c01992767bb2451c39
  md5: ae05ece66d3924ac3d48b4aa3fa96cec
  depends:
  - libgcc-ng >=12
  - libgfortran-ng
  - libgfortran5 >=12.3.0
  constrains:
  - openblas >=0.3.27,<0.3.28.0a0
  license: BSD-3-Clause
  license_family: BSD
  size: 5563053
  timestamp: 1720426334043
- kind: conda
  name: libprotobuf
  version: 4.25.3
  build: hd5b35b9_1
  build_number: 1
  subdir: linux-64
  url: https://conda.anaconda.org/conda-forge/linux-64/libprotobuf-4.25.3-hd5b35b9_1.conda
  sha256: 8b5e4e31ed93bf36fd14e9cf10cd3af78bb9184d0f1f87878b8d28c0374aa4dc
  md5: 06def97690ef90781a91b786cb48a0a9
  depends:
  - __glibc >=2.17,<3.0.a0
  - libabseil * cxx17*
  - libabseil >=20240116.2,<20240117.0a0
  - libgcc >=13
  - libstdcxx >=13
  - libzlib >=1.3.1,<2.0a0
  license: BSD-3-Clause
  license_family: BSD
  size: 2883090
  timestamp: 1727161327039
- kind: conda
  name: libsqlite
  version: 3.46.1
  build: hadc24fc_0
  subdir: linux-64
  url: https://conda.anaconda.org/conda-forge/linux-64/libsqlite-3.46.1-hadc24fc_0.conda
  sha256: 9851c049abafed3ee329d6c7c2033407e2fc269d33a75c071110ab52300002b0
  md5: 36f79405ab16bf271edb55b213836dac
  depends:
  - __glibc >=2.17,<3.0.a0
  - libgcc >=13
  - libzlib >=1.3.1,<2.0a0
  license: Unlicense
  size: 865214
  timestamp: 1725353659783
- kind: conda
  name: libstdcxx
  version: 14.1.0
  build: hc0a3c3a_1
  build_number: 1
  subdir: linux-64
  url: https://conda.anaconda.org/conda-forge/linux-64/libstdcxx-14.1.0-hc0a3c3a_1.conda
  sha256: 44decb3d23abacf1c6dd59f3c152a7101b7ca565b4ef8872804ceaedcc53a9cd
  md5: 9dbb9699ea467983ba8a4ba89b08b066
  depends:
  - libgcc 14.1.0 h77fa898_1
  license: GPL-3.0-only WITH GCC-exception-3.1
  license_family: GPL
  size: 3892781
  timestamp: 1724801863728
- kind: conda
  name: libstdcxx-ng
  version: 14.1.0
  build: h4852527_1
  build_number: 1
  subdir: linux-64
  url: https://conda.anaconda.org/conda-forge/linux-64/libstdcxx-ng-14.1.0-h4852527_1.conda
  sha256: a2dc44f97290740cc187bfe94ce543e6eb3c2ea8964d99f189a1d8c97b419b8c
  md5: bd2598399a70bb86d8218e95548d735e
  depends:
  - libstdcxx 14.1.0 hc0a3c3a_1
  license: GPL-3.0-only WITH GCC-exception-3.1
  license_family: GPL
  size: 52219
  timestamp: 1724801897766
- kind: conda
  name: libtorch
  version: 2.4.0
  build: cpu_mkl_h85b1651_101
  build_number: 101
  subdir: linux-64
  url: https://conda.anaconda.org/conda-forge/linux-64/libtorch-2.4.0-cpu_mkl_h85b1651_101.conda
  sha256: 4bf6bbb8b7b476c7220466c6c8e725f10073cc52c3cdff4d20d5526f63e21294
  md5: 228407e98778dbf6cc22e3ee7f7b0bcb
  depends:
  - __glibc >=2.17,<3.0.a0
  - _openmp_mutex >=4.5
  - libabseil * cxx17*
  - libabseil >=20240116.2,<20240117.0a0
  - libcblas >=3.9.0,<4.0a0
  - libgcc
  - libgcc-ng >=13
  - libprotobuf >=4.25.3,<4.25.4.0a0
  - libstdcxx
  - libstdcxx-ng >=13
  - libuv >=1.48.0,<2.0a0
  - mkl >=2023.2.0,<2024.0a0
  - sleef >=3.6.1,<4.0a0
  constrains:
  - pytorch-cpu ==2.4.0
  - pytorch 2.4.0 cpu_mkl_*_101
  - pytorch-gpu ==99999999
  license: BSD-3-Clause
  license_family: BSD
  size: 51929053
  timestamp: 1724894039819
- kind: conda
  name: libuuid
  version: 2.38.1
  build: h0b41bf4_0
  subdir: linux-64
  url: https://conda.anaconda.org/conda-forge/linux-64/libuuid-2.38.1-h0b41bf4_0.conda
  sha256: 787eb542f055a2b3de553614b25f09eefb0a0931b0c87dbcce6efdfd92f04f18
  md5: 40b61aab5c7ba9ff276c41cfffe6b80b
  depends:
  - libgcc-ng >=12
  license: BSD-3-Clause
  license_family: BSD
  size: 33601
  timestamp: 1680112270483
- kind: conda
  name: libuv
  version: 1.49.0
  build: hb9d3cd8_0
  subdir: linux-64
  url: https://conda.anaconda.org/conda-forge/linux-64/libuv-1.49.0-hb9d3cd8_0.conda
  sha256: 8324c5bd275d5ed12fc6614a5dd657314eccf0d53304fbe09b0bc77197d4fc57
  md5: 925a0022e1fa4f888ceed96a309a5baf
  depends:
  - __glibc >=2.17,<3.0.a0
  - libgcc >=13
  license: MIT
  license_family: MIT
  size: 878395
  timestamp: 1727283212868
- kind: conda
  name: libxml2
  version: 2.12.7
  build: he7c6b58_4
  build_number: 4
  subdir: linux-64
  url: https://conda.anaconda.org/conda-forge/linux-64/libxml2-2.12.7-he7c6b58_4.conda
  sha256: 10e9e0ac52b9a516a17edbc07f8d559e23778e54f1a7721b2e0e8219284fed3b
  md5: 08a9265c637230c37cb1be4a6cad4536
  depends:
  - __glibc >=2.17,<3.0.a0
  - icu >=75.1,<76.0a0
  - libgcc-ng >=12
  - libiconv >=1.17,<2.0a0
  - libzlib >=1.3.1,<2.0a0
  - xz >=5.2.6,<6.0a0
  license: MIT
  license_family: MIT
  size: 707169
  timestamp: 1721031016143
- kind: conda
  name: libzlib
  version: 1.3.1
  build: h4ab18f5_1
  build_number: 1
  subdir: linux-64
  url: https://conda.anaconda.org/conda-forge/linux-64/libzlib-1.3.1-h4ab18f5_1.conda
  sha256: adf6096f98b537a11ae3729eaa642b0811478f0ea0402ca67b5108fe2cb0010d
  md5: 57d7dc60e9325e3de37ff8dffd18e814
  depends:
  - libgcc-ng >=12
  constrains:
  - zlib 1.3.1 *_1
  license: Zlib
  license_family: Other
  size: 61574
  timestamp: 1716874187109
- kind: conda
  name: llvm-openmp
  version: 18.1.8
  build: hf5423f3_1
  build_number: 1
  subdir: linux-64
  url: https://conda.anaconda.org/conda-forge/linux-64/llvm-openmp-18.1.8-hf5423f3_1.conda
  sha256: 54b706eb3bdb1252d4fb3672d25eea4e7c66866c2a43418d895e30b34c9168ba
  md5: 8782406a10201b67bd6476ca70cf92a8
  depends:
  - libzlib >=1.3.1,<2.0a0
  - zstd >=1.5.6,<1.6.0a0
  constrains:
  - openmp 18.1.8|18.1.8.*
  license: Apache-2.0 WITH LLVM-exception
  license_family: APACHE
  size: 58476497
  timestamp: 1723605385200
- kind: conda
  name: markupsafe
  version: 2.1.5
  build: py312h66e93f0_1
  build_number: 1
  subdir: linux-64
  url: https://conda.anaconda.org/conda-forge/linux-64/markupsafe-2.1.5-py312h66e93f0_1.conda
  sha256: 5c88cd6e19437015de16bde30dd25791aca63ac9cbb8d66b65f365ecff1b235b
  md5: 80b79ce0d3dc127e96002dfdcec0a2a5
  depends:
  - __glibc >=2.17,<3.0.a0
  - libgcc >=13
  - python >=3.12,<3.13.0a0
  - python_abi 3.12.* *_cp312
  constrains:
  - jinja2 >=3.0.0
  license: BSD-3-Clause
  license_family: BSD
  size: 26772
  timestamp: 1724959630484
- kind: conda
  name: mkl
  version: 2023.2.0
  build: h84fe81f_50496
  build_number: 50496
  subdir: linux-64
  url: https://conda.anaconda.org/conda-forge/linux-64/mkl-2023.2.0-h84fe81f_50496.conda
  sha256: 046073737bf73153b0c39e343b197cdf0b7867d336962369407465a17ea5979a
  md5: 81d4a1a57d618adf0152db973d93b2ad
  depends:
  - _openmp_mutex * *_llvm
  - _openmp_mutex >=4.5
  - llvm-openmp >=17.0.3
  - tbb 2021.*
  license: LicenseRef-ProprietaryIntel
  license_family: Proprietary
  size: 164432797
  timestamp: 1698350676814
- kind: conda
  name: mpc
  version: 1.3.1
  build: h24ddda3_1
  build_number: 1
  subdir: linux-64
  url: https://conda.anaconda.org/conda-forge/linux-64/mpc-1.3.1-h24ddda3_1.conda
  sha256: 1bf794ddf2c8b3a3e14ae182577c624fa92dea975537accff4bc7e5fea085212
  md5: aa14b9a5196a6d8dd364164b7ce56acf
  depends:
  - __glibc >=2.17,<3.0.a0
  - gmp >=6.3.0,<7.0a0
  - libgcc >=13
  - mpfr >=4.2.1,<5.0a0
  license: LGPL-3.0-or-later
  license_family: LGPL
  size: 116777
  timestamp: 1725629179524
- kind: conda
  name: mpfr
  version: 4.2.1
  build: h90cbb55_3
  build_number: 3
  subdir: linux-64
  url: https://conda.anaconda.org/conda-forge/linux-64/mpfr-4.2.1-h90cbb55_3.conda
  sha256: f25d2474dd557ca66c6231c8f5ace5af312efde1ba8290a6ea5e1732a4e669c0
  md5: 2eeb50cab6652538eee8fc0bc3340c81
  depends:
  - __glibc >=2.17,<3.0.a0
  - gmp >=6.3.0,<7.0a0
  - libgcc >=13
  license: LGPL-3.0-only
  license_family: LGPL
  size: 634751
  timestamp: 1725746740014
- kind: conda
  name: mpmath
  version: 1.3.0
  build: pyhd8ed1ab_0
  subdir: noarch
  noarch: python
  url: https://conda.anaconda.org/conda-forge/noarch/mpmath-1.3.0-pyhd8ed1ab_0.conda
  sha256: a4f025c712ec1502a55c471b56a640eaeebfce38dd497d5a1a33729014cac47a
  md5: dbf6e2d89137da32fa6670f3bffc024e
  depends:
  - python >=3.6
  license: BSD-3-Clause
  license_family: BSD
  size: 438339
  timestamp: 1678228210181
- kind: conda
  name: ncurses
  version: '6.5'
  build: he02047a_1
  build_number: 1
  subdir: linux-64
  url: https://conda.anaconda.org/conda-forge/linux-64/ncurses-6.5-he02047a_1.conda
  sha256: 6a1d5d8634c1a07913f1c525db6455918cbc589d745fac46d9d6e30340c8731a
  md5: 70caf8bb6cf39a0b6b7efc885f51c0fe
  depends:
  - __glibc >=2.17,<3.0.a0
  - libgcc-ng >=12
  license: X11 AND BSD-3-Clause
  size: 889086
  timestamp: 1724658547447
- kind: conda
  name: networkx
  version: '3.3'
  build: pyhd8ed1ab_1
  build_number: 1
  subdir: noarch
  noarch: python
  url: https://conda.anaconda.org/conda-forge/noarch/networkx-3.3-pyhd8ed1ab_1.conda
  sha256: cbd8a6de87ad842e7665df38dcec719873fe74698bc761de5431047b8fada41a
  md5: d335fd5704b46f4efb89a6774e81aef0
  depends:
  - python >=3.10
  constrains:
  - pandas >=1.4
  - numpy >=1.22
  - matplotlib >=3.5
  - scipy >=1.9,!=1.11.0,!=1.11.1
  license: BSD-3-Clause
  license_family: BSD
  size: 1185670
  timestamp: 1712540499262
- kind: conda
  name: numpy
  version: 2.1.1
  build: py312h58c1407_0
  subdir: linux-64
  url: https://conda.anaconda.org/conda-forge/linux-64/numpy-2.1.1-py312h58c1407_0.conda
  sha256: 5d7d73f46d929dba57d96e6ef68506a490c89a2599514575c3e33b031e62b244
  md5: 839596d1c1c41f6fc01042e12cb7500c
  depends:
  - __glibc >=2.17,<3.0.a0
  - libblas >=3.9.0,<4.0a0
  - libcblas >=3.9.0,<4.0a0
  - libgcc >=13
  - liblapack >=3.9.0,<4.0a0
  - libstdcxx >=13
  - python >=3.12,<3.13.0a0
  - python_abi 3.12.* *_cp312
  constrains:
  - numpy-base <0a0
  license: BSD-3-Clause
  license_family: BSD
  size: 8457863
  timestamp: 1725412270045
- kind: conda
  name: openssl
  version: 3.3.2
  build: hb9d3cd8_0
  subdir: linux-64
  url: https://conda.anaconda.org/conda-forge/linux-64/openssl-3.3.2-hb9d3cd8_0.conda
  sha256: cee91036686419f6dd6086902acf7142b4916e1c4ba042e9ca23e151da012b6d
  md5: 4d638782050ab6faa27275bed57e9b4e
  depends:
  - __glibc >=2.17,<3.0.a0
  - ca-certificates
  - libgcc >=13
  license: Apache-2.0
  license_family: Apache
  size: 2891789
  timestamp: 1725410790053
- kind: conda
  name: python
  version: 3.12.0
  build: hab00c5b_0_cpython
  subdir: linux-64
  url: https://conda.anaconda.org/conda-forge/linux-64/python-3.12.0-hab00c5b_0_cpython.conda
  sha256: 5398ebae6a1ccbfd3f76361eac75f3ac071527a8072627c4bf9008c689034f48
  md5: 7f97faab5bebcc2580f4f299285323da
  depends:
  - bzip2 >=1.0.8,<2.0a0
  - ld_impl_linux-64 >=2.36.1
  - libexpat >=2.5.0,<3.0a0
  - libffi >=3.4,<4.0a0
  - libgcc-ng >=12
  - libnsl >=2.0.0,<2.1.0a0
  - libsqlite >=3.43.0,<4.0a0
  - libuuid >=2.38.1,<3.0a0
  - libzlib >=1.2.13,<2.0.0a0
  - ncurses >=6.4,<7.0a0
  - openssl >=3.1.3,<4.0a0
  - readline >=8.2,<9.0a0
  - tk >=8.6.13,<8.7.0a0
  - tzdata
  - xz >=5.2.6,<6.0a0
  constrains:
  - python_abi 3.12.* *_cp312
  license: Python-2.0
  size: 32123473
  timestamp: 1696324522323
- kind: conda
  name: python_abi
  version: '3.12'
  build: 5_cp312
  build_number: 5
  subdir: linux-64
  url: https://conda.anaconda.org/conda-forge/linux-64/python_abi-3.12-5_cp312.conda
  sha256: d10e93d759931ffb6372b45d65ff34d95c6000c61a07e298d162a3bc2accebb0
  md5: 0424ae29b104430108f5218a66db7260
  constrains:
  - python 3.12.* *_cpython
  license: BSD-3-Clause
  license_family: BSD
  size: 6238
  timestamp: 1723823388266
- kind: conda
  name: pytorch
  version: 2.4.0
  build: cpu_mkl_py312h31352b0_101
  build_number: 101
  subdir: linux-64
  url: https://conda.anaconda.org/conda-forge/linux-64/pytorch-2.4.0-cpu_mkl_py312h31352b0_101.conda
  sha256: 97dc4080f1c869813035406e513a76eb0a664a5150f8089dc73724633a93fb15
  md5: a58280d7668b5c9d49b36e2bb81c3508
  depends:
  - __glibc >=2.17,<3.0.a0
  - _openmp_mutex >=4.5
  - filelock
  - fsspec
  - jinja2
  - libabseil * cxx17*
  - libabseil >=20240116.2,<20240117.0a0
  - libcblas >=3.9.0,<4.0a0
  - libgcc
  - libgcc-ng >=13
  - libprotobuf >=4.25.3,<4.25.4.0a0
  - libstdcxx
  - libstdcxx-ng >=13
  - libtorch 2.4.0.*
  - libuv >=1.48.0,<2.0a0
  - mkl >=2023.2.0,<2024.0a0
  - networkx
  - numpy >=1.19,<3
  - python >=3.12,<3.13.0a0
  - python_abi 3.12.* *_cp312
  - sleef >=3.6.1,<4.0a0
  - sympy >=1.13.1
  - typing_extensions >=4.8.0
  constrains:
  - pytorch-cpu ==2.4.0
  - pytorch-gpu ==99999999
  license: BSD-3-Clause
  license_family: BSD
  size: 25846049
  timestamp: 1724895807565
- kind: conda
  name: readline
  version: '8.2'
  build: h8228510_1
  build_number: 1
  subdir: linux-64
  url: https://conda.anaconda.org/conda-forge/linux-64/readline-8.2-h8228510_1.conda
  sha256: 5435cf39d039387fbdc977b0a762357ea909a7694d9528ab40f005e9208744d7
  md5: 47d31b792659ce70f470b5c82fdfb7a4
  depends:
  - libgcc-ng >=12
  - ncurses >=6.3,<7.0a0
  license: GPL-3.0-only
  license_family: GPL
  size: 281456
  timestamp: 1679532220005
- kind: conda
  name: sleef
  version: '3.7'
  build: h1b44611_0
  subdir: linux-64
  url: https://conda.anaconda.org/conda-forge/linux-64/sleef-3.7-h1b44611_0.conda
  sha256: 4fbd2d6daa2b9cae0ba704cbbbb45a4f2f412e03e2028ec851205f09caa9139a
  md5: f8b9a3928def0a7f4e37c67045542584
  depends:
  - __glibc >=2.17,<3.0.a0
  - _openmp_mutex >=4.5
  - libgcc >=13
  - libstdcxx >=13
  license: BSL-1.0
  size: 1920639
  timestamp: 1726638538131
- kind: conda
  name: sympy
  version: 1.13.3
  build: pypyh2585a3b_103
  build_number: 103
  subdir: noarch
  noarch: python
  url: https://conda.anaconda.org/conda-forge/noarch/sympy-1.13.3-pypyh2585a3b_103.conda
  sha256: 2d94afdb8548fd63023ca2c56026e134bebe88821de31fd5b88363450e1edd0b
  md5: 183b2087b43f5aa7e89e08f2069bcf7c
  depends:
  - __unix
  - gmpy2 >=2.0.8
  - mpmath >=0.19
  - python * *_cpython
  - python >=3.8
  license: BSD-3-Clause
  license_family: BSD
  size: 4576878
  timestamp: 1727529864158
- kind: conda
  name: tbb
  version: 2021.13.0
  build: h84d6215_0
  subdir: linux-64
  url: https://conda.anaconda.org/conda-forge/linux-64/tbb-2021.13.0-h84d6215_0.conda
  sha256: 7d4d3ad608dc6ae5a7e0f431f784985398a18bcde2ba3ce19cc32f61e2defd98
  md5: ee6f7fd1e76061ef1fa307d41fa86a96
  depends:
  - __glibc >=2.17,<3.0.a0
  - libgcc >=13
  - libhwloc >=2.11.1,<2.11.2.0a0
  - libstdcxx >=13
  license: Apache-2.0
  license_family: APACHE
  size: 175779
  timestamp: 1725532539822
- kind: conda
  name: tk
  version: 8.6.13
  build: noxft_h4845f30_101
  build_number: 101
  subdir: linux-64
  url: https://conda.anaconda.org/conda-forge/linux-64/tk-8.6.13-noxft_h4845f30_101.conda
  sha256: e0569c9caa68bf476bead1bed3d79650bb080b532c64a4af7d8ca286c08dea4e
  md5: d453b98d9c83e71da0741bb0ff4d76bc
  depends:
  - libgcc-ng >=12
  - libzlib >=1.2.13,<2.0.0a0
  license: TCL
  license_family: BSD
  size: 3318875
  timestamp: 1699202167581
- kind: conda
  name: typing_extensions
  version: 4.12.2
  build: pyha770c72_0
  subdir: noarch
  noarch: python
  url: https://conda.anaconda.org/conda-forge/noarch/typing_extensions-4.12.2-pyha770c72_0.conda
  sha256: 0fce54f8ec3e59f5ef3bb7641863be4e1bf1279623e5af3d3fa726e8f7628ddb
  md5: ebe6952715e1d5eb567eeebf25250fa7
  depends:
  - python >=3.8
  license: PSF-2.0
  license_family: PSF
  size: 39888
  timestamp: 1717802653893
- kind: conda
  name: tzdata
  version: 2024a
  build: h8827d51_1
  build_number: 1
  subdir: noarch
  noarch: generic
  url: https://conda.anaconda.org/conda-forge/noarch/tzdata-2024a-h8827d51_1.conda
  sha256: 7d21c95f61319dba9209ca17d1935e6128af4235a67ee4e57a00908a1450081e
  md5: 8bfdead4e0fff0383ae4c9c50d0531bd
  license: LicenseRef-Public-Domain
  size: 124164
  timestamp: 1724736371498
- kind: conda
  name: xz
  version: 5.2.6
  build: h166bdaf_0
  subdir: linux-64
  url: https://conda.anaconda.org/conda-forge/linux-64/xz-5.2.6-h166bdaf_0.tar.bz2
  sha256: 03a6d28ded42af8a347345f82f3eebdd6807a08526d47899a42d62d319609162
  md5: 2161070d867d1b1204ea749c8eec4ef0
  depends:
  - libgcc-ng >=12
  license: LGPL-2.1 and GPL-2.0
  size: 418368
  timestamp: 1660346797927
- kind: conda
  name: zstd
  version: 1.5.6
  build: ha6fb4c9_0
  subdir: linux-64
  url: https://conda.anaconda.org/conda-forge/linux-64/zstd-1.5.6-ha6fb4c9_0.conda
  sha256: c558b9cc01d9c1444031bd1ce4b9cff86f9085765f17627a6cd85fc623c8a02b
  md5: 4d056880988120e29d75bfff282e0f45
  depends:
  - libgcc-ng >=12
  - libstdcxx-ng >=12
  - libzlib >=1.2.13,<2.0.0a0
  license: BSD-3-Clause
  license_family: BSD
  size: 554846
  timestamp: 1714722996770
